<?xml version="1.0" encoding="utf-8"?>
<Project ToolsVersion="4.0" xmlns="http://schemas.microsoft.com/developer/msbuild/2003">
  <ItemGroup>
    <Filter Include="源文件">
      <UniqueIdentifier>{4FC737F1-C7A5-4376-A066-2A32D752A2FF}</UniqueIdentifier>
      <Extensions>cpp;c;cc;cxx;def;odl;idl;hpj;bat;asm;asmx</Extensions>
    </Filter>
    <Filter Include="头文件">
      <UniqueIdentifier>{93995380-89BD-4b04-88EB-625FBE52EBFB}</UniqueIdentifier>
      <Extensions>h;hh;hpp;hxx;hm;inl;inc;xsd</Extensions>
    </Filter>
    <Filter Include="资源文件">
      <UniqueIdentifier>{67DA6AB6-F800-4c08-8B7A-83BB121AAD01}</UniqueIdentifier>
      <Extensions>rc;ico;cur;bmp;dlg;rc2;rct;bin;rgs;gif;jpg;jpeg;jpe;resx;tiff;tif;png;wav;mfcribbon-ms</Extensions>
    </Filter>
    <Filter Include="头文件\Enums &amp; Types">
      <UniqueIdentifier>{91530ba0-9f66-41d3-bd5c-dc8ad4a7115e}</UniqueIdentifier>
    </Filter>
    <Filter Include="头文件\Messages">
      <UniqueIdentifier>{36611029-6f92-47ce-b89f-3d5fb8803fbc}</UniqueIdentifier>
    </Filter>
    <Filter Include="头文件\Resources">
      <UniqueIdentifier>{3b0815c9-fa33-44aa-ad06-147380af2fa5}</UniqueIdentifier>
    </Filter>
    <Filter Include="头文件\Modules">
      <UniqueIdentifier>{6727e6fa-8c24-47c3-8b99-301c443812e0}</UniqueIdentifier>
    </Filter>
    <Filter Include="源文件\Modules">
      <UniqueIdentifier>{b294dde9-2b70-4c33-933c-d88c31eb3ce2}</UniqueIdentifier>
    </Filter>
    <Filter Include="源文件\Enum &amp; Types">
      <UniqueIdentifier>{7208060b-7761-4361-babf-9d9642ff16f2}</UniqueIdentifier>
    </Filter>
  </ItemGroup>
  <ItemGroup>
    <ClInclude Include="..\Sources\DataType.h">
      <Filter>头文件\Enums &amp; Types</Filter>
    </ClInclude>
    <ClInclude Include="..\Sources\IdentType.h">
      <Filter>头文件\Enums &amp; Types</Filter>
    </ClInclude>
    <ClInclude Include="..\Sources\error_messages.h">
      <Filter>头文件\Messages</Filter>
    </ClInclude>
    <ClInclude Include="..\Sources\CLexicalParser.h">
      <Filter>头文件\Modules</Filter>
    </ClInclude>
    <ClInclude Include="..\Sources\CSyntaxParser.h">
      <Filter>头文件\Modules</Filter>
    </ClInclude>
    <ClInclude Include="..\Sources\Exception.h">
      <Filter>头文件\Modules</Filter>
    </ClInclude>
    <ClInclude Include="..\Sources\CErrorDetails.h">
      <Filter>头文件\Modules</Filter>
    </ClInclude>
    <ClInclude Include="..\Sources\sw_symHeader.h">
      <Filter>头文件</Filter>
    </ClInclude>
    <ClInclude Include="..\Sources\stdafx.h">
      <Filter>头文件</Filter>
    </ClInclude>
    <ClInclude Include="..\Sources\targetver.h">
      <Filter>头文件</Filter>
    </ClInclude>
    <ClInclude Include="..\Resources\sw_resource.h">
      <Filter>头文件\Resources</Filter>
    </ClInclude>
    <ClInclude Include="..\Sources\SymbolTable.h">
      <Filter>头文件\Modules</Filter>
    </ClInclude>
    <ClInclude Include="..\Sources\CSWStructure.h">
      <Filter>头文件\Modules</Filter>
    </ClInclude>
    <ClInclude Include="..\Sources\VM_instructions.h">
      <Filter>头文件\Enums &amp; Types</Filter>
    </ClInclude>
  </ItemGroup>
  <ItemGroup>
    <ClCompile Include="..\Sources\SW_x230nz666.cpp">
      <Filter>源文件</Filter>
    </ClCompile>
    <ClCompile Include="..\Sources\stdafx.cpp">
      <Filter>源文件</Filter>
    </ClCompile>
    <ClCompile Include="..\Sources\Exception.cpp">
      <Filter>源文件\Modules</Filter>
    </ClCompile>
    <ClCompile Include="..\Sources\CLexicalParser.cpp">
      <Filter>源文件\Modules</Filter>
    </ClCompile>
    <ClCompile Include="..\Sources\CSyntaxParser.cpp">
      <Filter>源文件\Modules</Filter>
    </ClCompile>
    <ClCompile Include="..\Sources\CErrorDetails.cpp">
      <Filter>源文件\Modules</Filter>
    </ClCompile>
    <ClCompile Include="..\Sources\SymbolTable.cpp">
      <Filter>源文件\Modules</Filter>
    </ClCompile>
    <ClCompile Include="..\Sources\CSWStructure.cpp">
      <Filter>源文件\Modules</Filter>
    </ClCompile>
    <ClCompile Include="..\Sources\VM_instructions.cpp">
      <Filter>源文件\Enum &amp; Types</Filter>
    </ClCompile>
  </ItemGroup>
  <ItemGroup>
    <ResourceCompile Include="..\Resources\sw_resource.rc">
      <Filter>资源文件</Filter>
    </ResourceCompile>
  </ItemGroup>
</Project>